<?xml version="1.0" encoding="utf-8"?>
<Project ToolsVersion="4.0" xmlns="http://schemas.microsoft.com/developer/msbuild/2003">
  <ItemGroup>
    <Filter Include="Source Files">
      <UniqueIdentifier>{296ff725-9391-40a3-b2f5-bfb2861e4f8b}</UniqueIdentifier>
      <Extensions>cpp;c;cxx;rc;def;r;odl;idl;hpj;bat</Extensions>
    </Filter>
    <Filter Include="Header Files">
      <UniqueIdentifier>{e3835181-6cb4-4eca-9139-acbde358d848}</UniqueIdentifier>
      <Extensions>h;hpp;hxx;hm;inl</Extensions>
    </Filter>
    <Filter Include="Resource Files">
      <UniqueIdentifier>{9cea978a-cd9f-4259-a2c3-fed5a8e58034}</UniqueIdentifier>
      <Extensions>ico;cur;bmp;dlg;rc2;rct;bin;rgs;gif;jpg;jpeg;jpe</Extensions>
    </Filter>
  </ItemGroup>
  <ItemGroup>
    <ClCompile Include="LmBookManager.cpp">
      <Filter>Source Files</Filter>
    </ClCompile>
    <ClCompile Include="LmDataCenter.cpp">
      <Filter>Source Files</Filter>
    </ClCompile>
    <ClCompile Include="LmDiary.cpp">
      <Filter>Source Files</Filter>
    </ClCompile>
    <ClCompile Include="LmDVDManager.cpp">
      <Filter>Source Files</Filter>
    </ClCompile>
    <ClCompile Include="LmUser.cpp">
      <Filter>Source Files</Filter>
    </ClCompile>
    <ClCompile Include="Main.cpp">
      <Filter>Source Files</Filter>
    </ClCompile>
  </ItemGroup>
  <ItemGroup>
    <ClInclude Include="LmBookManager.h">
      <Filter>Header Files</Filter>
    </ClInclude>
    <ClInclude Include="LmContent.h">
      <Filter>Header Files</Filter>
    </ClInclude>
    <ClInclude Include="LmDataCenter.h">
      <Filter>Header Files</Filter>
    </ClInclude>
    <ClInclude Include="LmDate.h">
      <Filter>Header Files</Filter>
    </ClInclude>
    <ClInclude Include="LmDiary.h">
      <Filter>Header Files</Filter>
    </ClInclude>
    <ClInclude Include="LmDVD.h">
      <Filter>Header Files</Filter>
    </ClInclude>
    <ClInclude Include="LmDVDManager.h">
      <Filter>Header Files</Filter>
    </ClInclude>
    <ClInclude Include="LmPage.h">
      <Filter>Header Files</Filter>
    </ClInclude>
    <ClInclude Include="LmUser.h">
      <Filter>Header Files</Filter>
    </ClInclude>
    <ClInclude Include="LmWeather.h">
      <Filter>Header Files</Filter>
    </ClInclude>
  </ItemGroup>
</Project>